// !$*UTF8*$!
{
	archiveVersion = 1;
	classes = {
	};
	objectVersion = 50;
	objects = {

/* Begin PBXBuildFile section */
		A11057802E1E6F7300C71701 /* AppDelegate.swift in Sources */ = {isa = PBXBuildFile; fileRef = A110577F2E1E6F7300C71701 /* AppDelegate.swift */; };
		A11057822E1E6F7300C71701 /* SceneDelegate.swift in Sources */ = {isa = PBXBuildFile; fileRef = A11057812E1E6F7300C71701 /* SceneDelegate.swift */; };
		A11057842E1E6F7300C71701 /* ContentView.swift in Sources */ = {isa = PBXBuildFile; fileRef = A11057832E1E6F7300C71701 /* ContentView.swift */; };
		A11057872E1E6F7300C71701 /* Suzuki.xcdatamodeld in Sources */ = {isa = PBXBuildFile; fileRef = A11057852E1E6F7300C71701 /* Suzuki.xcdatamodeld */; };
		A11057892E1E6F7700C71701 /* Assets.xcassets in Resources */ = {isa = PBXBuildFile; fileRef = A11057882E1E6F7700C71701 /* Assets.xcassets */; };
		A110578C2E1E6F7700C71701 /* Preview Assets.xcassets in Resources */ = {isa = PBXBuildFile; fileRef = A110578B2E1E6F7700C71701 /* Preview Assets.xcassets */; };
		A110578F2E1E6F7700C71701 /* LaunchScreen.storyboard in Resources */ = {isa = PBXBuildFile; fileRef = A110578D2E1E6F7700C71701 /* LaunchScreen.storyboard */; };
		A11057A22E1E714E00C71701 /* UserView.swift in Sources */ = {isa = PBXBuildFile; fileRef = A11057A12E1E714E00C71701 /* UserView.swift */; };
		A11057A62E1E723B00C71701 /* UsersService.swift in Sources */ = {isa = PBXBuildFile; fileRef = A11057A52E1E723B00C71701 /* UsersService.swift */; };
		A11057AC2E1EA2C300C71701 /* UsersData.swift in Sources */ = {isa = PBXBuildFile; fileRef = A11057AB2E1EA2C200C71701 /* UsersData.swift */; };
		A13E6EE02E24FDBA009FA1BA /* BottomSheetView.swift in Sources */ = {isa = PBXBuildFile; fileRef = A13E6EDF2E24FDBA009FA1BA /* BottomSheetView.swift */; };
		A14269892E24C26200C9DFEA /* ImagePicker.swift in Sources */ = {isa = PBXBuildFile; fileRef = A14269882E24C26200C9DFEA /* ImagePicker.swift */; };
		A142698C2E24D7C000C9DFEA /* PdfViewPicker.swift in Sources */ = {isa = PBXBuildFile; fileRef = A142698B2E24D7C000C9DFEA /* PdfViewPicker.swift */; };
		A1549DCA2E1FDE6F005FDE0A /* UsersEntity+CoreDataClass.swift in Sources */ = {isa = PBXBuildFile; fileRef = A1549DC82E1FDE6F005FDE0A /* UsersEntity+CoreDataClass.swift */; };
		A1549DCB2E1FDE6F005FDE0A /* UsersEntity+CoreDataProperties.swift in Sources */ = {isa = PBXBuildFile; fileRef = A1549DC92E1FDE6F005FDE0A /* UsersEntity+CoreDataProperties.swift */; };
		A1F2C1352E20F46600D4C5DC /* SearchBar.swift in Sources */ = {isa = PBXBuildFile; fileRef = A1F2C1342E20F46600D4C5DC /* SearchBar.swift */; };
		A1F2C1382E21298000D4C5DC /* PdfprintViewer.swift in Sources */ = {isa = PBXBuildFile; fileRef = A1F2C1372E21298000D4C5DC /* PdfprintViewer.swift */; };
		A1F2C13B2E2229BC00D4C5DC /* PdfPreview.swift in Sources */ = {isa = PBXBuildFile; fileRef = A1F2C13A2E2229BC00D4C5DC /* PdfPreview.swift */; };
		A1F2C1412E22481000D4C5DC /* NewUser.swift in Sources */ = {isa = PBXBuildFile; fileRef = A1F2C1402E22480F00D4C5DC /* NewUser.swift */; };
		A1F2C1442E225C5800D4C5DC /* EditUser.swift in Sources */ = {isa = PBXBuildFile; fileRef = A1F2C1432E225C5800D4C5DC /* EditUser.swift */; };
/* End PBXBuildFile section */

/* Begin PBXFileReference section */
		A110577C2E1E6F7300C71701 /* Suzuki.app */ = {isa = PBXFileReference; explicitFileType = wrapper.application; includeInIndex = 0; path = Suzuki.app; sourceTree = BUILT_PRODUCTS_DIR; };
		A110577F2E1E6F7300C71701 /* AppDelegate.swift */ = {isa = PBXFileReference; lastKnownFileType = sourcecode.swift; path = AppDelegate.swift; sourceTree = "<group>"; };
		A11057812E1E6F7300C71701 /* SceneDelegate.swift */ = {isa = PBXFileReference; lastKnownFileType = sourcecode.swift; path = SceneDelegate.swift; sourceTree = "<group>"; };
		A11057832E1E6F7300C71701 /* ContentView.swift */ = {isa = PBXFileReference; lastKnownFileType = sourcecode.swift; path = ContentView.swift; sourceTree = "<group>"; };
		A11057862E1E6F7300C71701 /* Suzuki.xcdatamodel */ = {isa = PBXFileReference; lastKnownFileType = wrapper.xcdatamodel; path = Suzuki.xcdatamodel; sourceTree = "<group>"; };
		A11057882E1E6F7700C71701 /* Assets.xcassets */ = {isa = PBXFileReference; lastKnownFileType = folder.assetcatalog; path = Assets.xcassets; sourceTree = "<group>"; };
		A110578B2E1E6F7700C71701 /* Preview Assets.xcassets */ = {isa = PBXFileReference; lastKnownFileType = folder.assetcatalog; path = "Preview Assets.xcassets"; sourceTree = "<group>"; };
		A110578E2E1E6F7700C71701 /* Base */ = {isa = PBXFileReference; lastKnownFileType = file.storyboard; name = Base; path = Base.lproj/LaunchScreen.storyboard; sourceTree = "<group>"; };
		A11057902E1E6F7700C71701 /* Info.plist */ = {isa = PBXFileReference; lastKnownFileType = text.plist.xml; path = Info.plist; sourceTree = "<group>"; };
		A11057A12E1E714E00C71701 /* UserView.swift */ = {isa = PBXFileReference; lastKnownFileType = sourcecode.swift; path = UserView.swift; sourceTree = "<group>"; };
		A11057A52E1E723B00C71701 /* UsersService.swift */ = {isa = PBXFileReference; lastKnownFileType = sourcecode.swift; path = UsersService.swift; sourceTree = "<group>"; };
		A11057AB2E1EA2C200C71701 /* UsersData.swift */ = {isa = PBXFileReference; lastKnownFileType = sourcecode.swift; path = UsersData.swift; sourceTree = "<group>"; };
		A13E6EDF2E24FDBA009FA1BA /* BottomSheetView.swift */ = {isa = PBXFileReference; lastKnownFileType = sourcecode.swift; path = BottomSheetView.swift; sourceTree = "<group>"; };
		A14269882E24C26200C9DFEA /* ImagePicker.swift */ = {isa = PBXFileReference; lastKnownFileType = sourcecode.swift; path = ImagePicker.swift; sourceTree = "<group>"; };
		A142698B2E24D7C000C9DFEA /* PdfViewPicker.swift */ = {isa = PBXFileReference; lastKnownFileType = sourcecode.swift; path = PdfViewPicker.swift; sourceTree = "<group>"; };
		A1549DC82E1FDE6F005FDE0A /* UsersEntity+CoreDataClass.swift */ = {isa = PBXFileReference; lastKnownFileType = sourcecode.swift; path = "UsersEntity+CoreDataClass.swift"; sourceTree = "<group>"; };
		A1549DC92E1FDE6F005FDE0A /* UsersEntity+CoreDataProperties.swift */ = {isa = PBXFileReference; lastKnownFileType = sourcecode.swift; path = "UsersEntity+CoreDataProperties.swift"; sourceTree = "<group>"; };
		A1F2C1342E20F46600D4C5DC /* SearchBar.swift */ = {isa = PBXFileReference; lastKnownFileType = sourcecode.swift; path = SearchBar.swift; sourceTree = "<group>"; };
		A1F2C1372E21298000D4C5DC /* PdfprintViewer.swift */ = {isa = PBXFileReference; lastKnownFileType = sourcecode.swift; path = PdfprintViewer.swift; sourceTree = "<group>"; };
		A1F2C13A2E2229BC00D4C5DC /* PdfPreview.swift */ = {isa = PBXFileReference; lastKnownFileType = sourcecode.swift; path = PdfPreview.swift; sourceTree = "<group>"; };
		A1F2C1402E22480F00D4C5DC /* NewUser.swift */ = {isa = PBXFileReference; lastKnownFileType = sourcecode.swift; path = NewUser.swift; sourceTree = "<group>"; };
		A1F2C1432E225C5800D4C5DC /* EditUser.swift */ = {isa = PBXFileReference; lastKnownFileType = sourcecode.swift; path = EditUser.swift; sourceTree = "<group>"; };
/* End PBXFileReference section */

/* Begin PBXFrameworksBuildPhase section */
		A11057792E1E6F7300C71701 /* Frameworks */ = {
			isa = PBXFrameworksBuildPhase;
			buildActionMask = 2147483647;
			files = (
			);
			runOnlyForDeploymentPostprocessing = 0;
		};
/* End PBXFrameworksBuildPhase section */

/* Begin PBXGroup section */
		A11057732E1E6F7300C71701 = {
			isa = PBXGroup;
			children = (
				A110577D2E1E6F7300C71701 /* Products */,
				A110577E2E1E6F7300C71701 /* Suzuki */,
				A1549DC82E1FDE6F005FDE0A /* UsersEntity+CoreDataClass.swift */,
				A1549DC92E1FDE6F005FDE0A /* UsersEntity+CoreDataProperties.swift */,
			);
			sourceTree = "<group>";
		};
		A110577D2E1E6F7300C71701 /* Products */ = {
			isa = PBXGroup;
			children = (
				A110577C2E1E6F7300C71701 /* Suzuki.app */,
			);
			name = Products;
			sourceTree = "<group>";
		};
		A110577E2E1E6F7300C71701 /* Suzuki */ = {
			isa = PBXGroup;
			children = (
				A11057AA2E1EA2AA00C71701 /* Models */,
				A11057A42E1E722500C71701 /* Services */,
				A110579D2E1E70C700C71701 /* Views */,
				A110577F2E1E6F7300C71701 /* AppDelegate.swift */,
				A11057812E1E6F7300C71701 /* SceneDelegate.swift */,
				A11057882E1E6F7700C71701 /* Assets.xcassets */,
				A110578D2E1E6F7700C71701 /* LaunchScreen.storyboard */,
				A11057902E1E6F7700C71701 /* Info.plist */,
				A11057852E1E6F7300C71701 /* Suzuki.xcdatamodeld */,
				A110578A2E1E6F7700C71701 /* Preview Content */,
				A1F2C1342E20F46600D4C5DC /* SearchBar.swift */,
				A1F2C1372E21298000D4C5DC /* PdfprintViewer.swift */,
				A14269882E24C26200C9DFEA /* ImagePicker.swift */,
			);
			path = Suzuki;
			sourceTree = "<group>";
		};
		A110578A2E1E6F7700C71701 /* Preview Content */ = {
			isa = PBXGroup;
			children = (
				A110578B2E1E6F7700C71701 /* Preview Assets.xcassets */,
			);
			path = "Preview Content";
			sourceTree = "<group>";
		};
		A110579D2E1E70C700C71701 /* Views */ = {
			isa = PBXGroup;
			children = (
				A11057832E1E6F7300C71701 /* ContentView.swift */,
				A11057A12E1E714E00C71701 /* UserView.swift */,
				A1F2C1402E22480F00D4C5DC /* NewUser.swift */,
				A1F2C13A2E2229BC00D4C5DC /* PdfPreview.swift */,
				A1F2C1432E225C5800D4C5DC /* EditUser.swift */,
				A142698B2E24D7C000C9DFEA /* PdfViewPicker.swift */,
				A13E6EDF2E24FDBA009FA1BA /* BottomSheetView.swift */,
			);
			path = Views;
			sourceTree = "<group>";
		};
		A11057A42E1E722500C71701 /* Services */ = {
			isa = PBXGroup;
			children = (
				A11057A52E1E723B00C71701 /* UsersService.swift */,
			);
			path = Services;
			sourceTree = "<group>";
		};
		A11057AA2E1EA2AA00C71701 /* Models */ = {
			isa = PBXGroup;
			children = (
				A11057AB2E1EA2C200C71701 /* UsersData.swift */,
			);
			path = Models;
			sourceTree = "<group>";
		};
/* End PBXGroup section */

/* Begin PBXNativeTarget section */
		A110577B2E1E6F7300C71701 /* Suzuki */ = {
			isa = PBXNativeTarget;
			buildConfigurationList = A11057932E1E6F7700C71701 /* Build configuration list for PBXNativeTarget "Suzuki" */;
			buildPhases = (
				A11057782E1E6F7300C71701 /* Sources */,
				A11057792E1E6F7300C71701 /* Frameworks */,
				A110577A2E1E6F7300C71701 /* Resources */,
			);
			buildRules = (
			);
			dependencies = (
			);
			name = Suzuki;
			productName = Suzuki;
			productReference = A110577C2E1E6F7300C71701 /* Suzuki.app */;
			productType = "com.apple.product-type.application";
		};
/* End PBXNativeTarget section */

/* Begin PBXProject section */
		A11057742E1E6F7300C71701 /* Project object */ = {
			isa = PBXProject;
			attributes = {
				LastSwiftUpdateCheck = 1240;
				LastUpgradeCheck = 1240;
				TargetAttributes = {
					A110577B2E1E6F7300C71701 = {
						CreatedOnToolsVersion = 12.4;
					};
				};
			};
			buildConfigurationList = A11057772E1E6F7300C71701 /* Build configuration list for PBXProject "Suzuki" */;
			compatibilityVersion = "Xcode 9.3";
			developmentRegion = en;
			hasScannedForEncodings = 0;
			knownRegions = (
				en,
				Base,
			);
			mainGroup = A11057732E1E6F7300C71701;
			productRefGroup = A110577D2E1E6F7300C71701 /* Products */;
			projectDirPath = "";
			projectRoot = "";
			targets = (
				A110577B2E1E6F7300C71701 /* Suzuki */,
			);
		};
/* End PBXProject section */

/* Begin PBXResourcesBuildPhase section */
		A110577A2E1E6F7300C71701 /* Resources */ = {
			isa = PBXResourcesBuildPhase;
			buildActionMask = 2147483647;
			files = (
				A110578F2E1E6F7700C71701 /* LaunchScreen.storyboard in Resources */,
				A110578C2E1E6F7700C71701 /* Preview Assets.xcassets in Resources */,
				A11057892E1E6F7700C71701 /* Assets.xcassets in Resources */,
			);
			runOnlyForDeploymentPostprocessing = 0;
		};
/* End PBXResourcesBuildPhase section */

/* Begin PBXSourcesBuildPhase section */
		A11057782E1E6F7300C71701 /* Sources */ = {
			isa = PBXSourcesBuildPhase;
			buildActionMask = 2147483647;
			files = (
				A1F2C1442E225C5800D4C5DC /* EditUser.swift in Sources */,
				A1549DCA2E1FDE6F005FDE0A /* UsersEntity+CoreDataClass.swift in Sources */,
				A1549DCB2E1FDE6F005FDE0A /* UsersEntity+CoreDataProperties.swift in Sources */,
				A14269892E24C26200C9DFEA /* ImagePicker.swift in Sources */,
				A11057A62E1E723B00C71701 /* UsersService.swift in Sources */,
				A1F2C1412E22481000D4C5DC /* NewUser.swift in Sources */,
				A1F2C13B2E2229BC00D4C5DC /* PdfPreview.swift in Sources */,
				A142698C2E24D7C000C9DFEA /* PdfViewPicker.swift in Sources */,
				A13E6EE02E24FDBA009FA1BA /* BottomSheetView.swift in Sources */,
				A11057802E1E6F7300C71701 /* AppDelegate.swift in Sources */,
				A11057822E1E6F7300C71701 /* SceneDelegate.swift in Sources */,
				A11057AC2E1EA2C300C71701 /* UsersData.swift in Sources */,
				A11057872E1E6F7300C71701 /* Suzuki.xcdatamodeld in Sources */,
				A1F2C1352E20F46600D4C5DC /* SearchBar.swift in Sources */,
				A1F2C1382E21298000D4C5DC /* PdfprintViewer.swift in Sources */,
				A11057842E1E6F7300C71701 /* ContentView.swift in Sources */,
				A11057A22E1E714E00C71701 /* UserView.swift in Sources */,
			);
			runOnlyForDeploymentPostprocessing = 0;
		};
/* End PBXSourcesBuildPhase section */

/* Begin PBXVariantGroup section */
		A110578D2E1E6F7700C71701 /* LaunchScreen.storyboard */ = {
			isa = PBXVariantGroup;
			children = (
				A110578E2E1E6F7700C71701 /* Base */,
			);
			name = LaunchScreen.storyboard;
			sourceTree = "<group>";
		};
/* End PBXVariantGroup section */

/* Begin XCBuildConfiguration section */
		A11057912E1E6F7700C71701 /* Debug */ = {
			isa = XCBuildConfiguration;
			buildSettings = {
				ALWAYS_SEARCH_USER_PATHS = NO;
				CLANG_ANALYZER_NONNULL = YES;
				CLANG_ANALYZER_NUMBER_OBJECT_CONVERSION = YES_AGGRESSIVE;
				CLANG_CXX_LANGUAGE_STANDARD = "gnu++14";
				CLANG_CXX_LIBRARY = "libc++";
				CLANG_ENABLE_MODULES = YES;
				CLANG_ENABLE_OBJC_ARC = YES;
				CLANG_ENABLE_OBJC_WEAK = YES;
				CLANG_WARN_BLOCK_CAPTURE_AUTORELEASING = YES;
				CLANG_WARN_BOOL_CONVERSION = YES;
				CLANG_WARN_COMMA = YES;
				CLANG_WARN_CONSTANT_CONVERSION = YES;
				CLANG_WARN_DEPRECATED_OBJC_IMPLEMENTATIONS = YES;
				CLANG_WARN_DIRECT_OBJC_ISA_USAGE = YES_ERROR;
				CLANG_WARN_DOCUMENTATION_COMMENTS = YES;
				CLANG_WARN_EMPTY_BODY = YES;
				CLANG_WARN_ENUM_CONVERSION = YES;
				CLANG_WARN_INFINITE_RECURSION = YES;
				CLANG_WARN_INT_CONVERSION = YES;
				CLANG_WARN_NON_LITERAL_NULL_CONVERSION = YES;
				CLANG_WARN_OBJC_IMPLICIT_RETAIN_SELF = YES;
				CLANG_WARN_OBJC_LITERAL_CONVERSION = YES;
				CLANG_WARN_OBJC_ROOT_CLASS = YES_ERROR;
				CLANG_WARN_QUOTED_INCLUDE_IN_FRAMEWORK_HEADER = YES;
				CLANG_WARN_RANGE_LOOP_ANALYSIS = YES;
				CLANG_WARN_STRICT_PROTOTYPES = YES;
				CLANG_WARN_SUSPICIOUS_MOVE = YES;
				CLANG_WARN_UNGUARDED_AVAILABILITY = YES_AGGRESSIVE;
				CLANG_WARN_UNREACHABLE_CODE = YES;
				CLANG_WARN__DUPLICATE_METHOD_MATCH = YES;
				COPY_PHASE_STRIP = NO;
				DEBUG_INFORMATION_FORMAT = dwarf;
				ENABLE_STRICT_OBJC_MSGSEND = YES;
				ENABLE_TESTABILITY = YES;
				GCC_C_LANGUAGE_STANDARD = gnu11;
				GCC_DYNAMIC_NO_PIC = NO;
				GCC_NO_COMMON_BLOCKS = YES;
				GCC_OPTIMIZATION_LEVEL = 0;
				GCC_PREPROCESSOR_DEFINITIONS = (
					"DEBUG=1",
					"$(inherited)",
				);
				GCC_WARN_64_TO_32_BIT_CONVERSION = YES;
				GCC_WARN_ABOUT_RETURN_TYPE = YES_ERROR;
				GCC_WARN_UNDECLARED_SELECTOR = YES;
				GCC_WARN_UNINITIALIZED_AUTOS = YES_AGGRESSIVE;
				GCC_WARN_UNUSED_FUNCTION = YES;
				GCC_WARN_UNUSED_VARIABLE = YES;
				IPHONEOS_DEPLOYMENT_TARGET = 14.4;
				MTL_ENABLE_DEBUG_INFO = INCLUDE_SOURCE;
				MTL_FAST_MATH = YES;
				ONLY_ACTIVE_ARCH = YES;
				SDKROOT = iphoneos;
				SWIFT_ACTIVE_COMPILATION_CONDITIONS = DEBUG;
				SWIFT_OPTIMIZATION_LEVEL = "-Onone";
			};
			name = Debug;
		};
		A11057922E1E6F7700C71701 /* Release */ = {
			isa = XCBuildConfiguration;
			buildSettings = {
				ALWAYS_SEARCH_USER_PATHS = NO;
				CLANG_ANALYZER_NONNULL = YES;
				CLANG_ANALYZER_NUMBER_OBJECT_CONVERSION = YES_AGGRESSIVE;
				CLANG_CXX_LANGUAGE_STANDARD = "gnu++14";
				CLANG_CXX_LIBRARY = "libc++";
				CLANG_ENABLE_MODULES = YES;
				CLANG_ENABLE_OBJC_ARC = YES;
				CLANG_ENABLE_OBJC_WEAK = YES;
				CLANG_WARN_BLOCK_CAPTURE_AUTORELEASING = YES;
				CLANG_WARN_BOOL_CONVERSION = YES;
				CLANG_WARN_COMMA = YES;
				CLANG_WARN_CONSTANT_CONVERSION = YES;
				CLANG_WARN_DEPRECATED_OBJC_IMPLEMENTATIONS = YES;
				CLANG_WARN_DIRECT_OBJC_ISA_USAGE = YES_ERROR;
				CLANG_WARN_DOCUMENTATION_COMMENTS = YES;
				CLANG_WARN_EMPTY_BODY = YES;
				CLANG_WARN_ENUM_CONVERSION = YES;
				CLANG_WARN_INFINITE_RECURSION = YES;
				CLANG_WARN_INT_CONVERSION = YES;
				CLANG_WARN_NON_LITERAL_NULL_CONVERSION = YES;
				CLANG_WARN_OBJC_IMPLICIT_RETAIN_SELF = YES;
				CLANG_WARN_OBJC_LITERAL_CONVERSION = YES;
				CLANG_WARN_OBJC_ROOT_CLASS = YES_ERROR;
				CLANG_WARN_QUOTED_INCLUDE_IN_FRAMEWORK_HEADER = YES;
				CLANG_WARN_RANGE_LOOP_ANALYSIS = YES;
				CLANG_WARN_STRICT_PROTOTYPES = YES;
				CLANG_WARN_SUSPICIOUS_MOVE = YES;
				CLANG_WARN_UNGUARDED_AVAILABILITY = YES_AGGRESSIVE;
				CLANG_WARN_UNREACHABLE_CODE = YES;
				CLANG_WARN__DUPLICATE_METHOD_MATCH = YES;
				COPY_PHASE_STRIP = NO;
				DEBUG_INFORMATION_FORMAT = "dwarf-with-dsym";
				ENABLE_NS_ASSERTIONS = NO;
				ENABLE_STRICT_OBJC_MSGSEND = YES;
				GCC_C_LANGUAGE_STANDARD = gnu11;
				GCC_NO_COMMON_BLOCKS = YES;
				GCC_WARN_64_TO_32_BIT_CONVERSION = YES;
				GCC_WARN_ABOUT_RETURN_TYPE = YES_ERROR;
				GCC_WARN_UNDECLARED_SELECTOR = YES;
				GCC_WARN_UNINITIALIZED_AUTOS = YES_AGGRESSIVE;
				GCC_WARN_UNUSED_FUNCTION = YES;
				GCC_WARN_UNUSED_VARIABLE = YES;
				IPHONEOS_DEPLOYMENT_TARGET = 14.4;
				MTL_ENABLE_DEBUG_INFO = NO;
				MTL_FAST_MATH = YES;
				SDKROOT = iphoneos;
				SWIFT_COMPILATION_MODE = wholemodule;
				SWIFT_OPTIMIZATION_LEVEL = "-O";
				VALIDATE_PRODUCT = YES;
			};
			name = Release;
		};
		A11057942E1E6F7700C71701 /* Debug */ = {
			isa = XCBuildConfiguration;
			buildSettings = {
				ASSETCATALOG_COMPILER_APPICON_NAME = AppIcon;
				ASSETCATALOG_COMPILER_GLOBAL_ACCENT_COLOR_NAME = AccentColor;
				CODE_SIGN_STYLE = Automatic;
				DEVELOPMENT_ASSET_PATHS = "\"Suzuki/Preview Content\"";
				DEVELOPMENT_TEAM = 7ZRZR97UNF;
				ENABLE_PREVIEWS = YES;
				INFOPLIST_FILE = Suzuki/Info.plist;
				LD_RUNPATH_SEARCH_PATHS = (
					"$(inherited)",
					"@executable_path/Frameworks",
				);
				PRODUCT_BUNDLE_IDENTIFIER = "com.Reynald-Gragasin.Suzuki";
				PRODUCT_NAME = "$(TARGET_NAME)";
				SWIFT_VERSION = 5.0;
				TARGETED_DEVICE_FAMILY = "1,2";
			};
			name = Debug;
		};
		A11057952E1E6F7700C71701 /* Release */ = {
			isa = XCBuildConfiguration;
			buildSettings = {
				ASSETCATALOG_COMPILER_APPICON_NAME = AppIcon;
				ASSETCATALOG_COMPILER_GLOBAL_ACCENT_COLOR_NAME = AccentColor;
				CODE_SIGN_STYLE = Automatic;
				DEVELOPMENT_ASSET_PATHS = "\"Suzuki/Preview Content\"";
				DEVELOPMENT_TEAM = 7ZRZR97UNF;
				ENABLE_PREVIEWS = YES;
				INFOPLIST_FILE = Suzuki/Info.plist;
				LD_RUNPATH_SEARCH_PATHS = (
					"$(inherited)",
					"@executable_path/Frameworks",
				);
				PRODUCT_BUNDLE_IDENTIFIER = "com.Reynald-Gragasin.Suzuki";
				PRODUCT_NAME = "$(TARGET_NAME)";
				SWIFT_VERSION = 5.0;
				TARGETED_DEVICE_FAMILY = "1,2";
			};
			name = Release;
		};
/* End XCBuildConfiguration section */

/* Begin XCConfigurationList section */
		A11057772E1E6F7300C71701 /* Build configuration list for PBXProject "Suzuki" */ = {
			isa = XCConfigurationList;
			buildConfigurations = (
				A11057912E1E6F7700C71701 /* Debug */,
				A11057922E1E6F7700C71701 /* Release */,
			);
			defaultConfigurationIsVisible = 0;
			defaultConfigurationName = Release;
		};
		A11057932E1E6F7700C71701 /* Build configuration list for PBXNativeTarget "Suzuki" */ = {
			isa = XCConfigurationList;
			buildConfigurations = (
				A11057942E1E6F7700C71701 /* Debug */,
				A11057952E1E6F7700C71701 /* Release */,
			);
			defaultConfigurationIsVisible = 0;
			defaultConfigurationName = Release;
		};
/* End XCConfigurationList section */

/* Begin XCVersionGroup section */
		A11057852E1E6F7300C71701 /* Suzuki.xcdatamodeld */ = {
			isa = XCVersionGroup;
			children = (
				A11057862E1E6F7300C71701 /* Suzuki.xcdatamodel */,
			);
			currentVersion = A11057862E1E6F7300C71701 /* Suzuki.xcdatamodel */;
			path = Suzuki.xcdatamodeld;
			sourceTree = "<group>";
			versionGroupType = wrapper.xcdatamodel;
		};
/* End XCVersionGroup section */
	};
	rootObject = A11057742E1E6F7300C71701 /* Project object */;
}
